
Microsoft Visual Studio Solution File, Format Version 12.00
# Visual Studio Version 17
VisualStudioVersion = 17.4.33213.308
MinimumVisualStudioVersion = 10.0.40219.1
Project("{FAE04EC0-301F-11D3-BF4B-00C04F79EFBC}") = "TradePowerWinService", "TradePowerWinService\TradePowerWinService.csproj", "{4226438A-0559-41CA-8661-C1D86A847E60}"
EndProject
Project("{FAE04EC0-301F-11D3-BF4B-00C04F79EFBC}") = "TradePowerWinService.Tests", "TradePowerWinService.Tests\TradePowerWinService.Tests.csproj", "{889E9257-2905-42C6-A803-5BDA4CAF1854}"
EndProject
Global
	GlobalSection(SolutionConfigurationPlatforms) = preSolution
		Debug|Any CPU = Debug|Any CPU
		Release|Any CPU = Release|Any CPU
	EndGlobalSection
	GlobalSection(ProjectConfigurationPlatforms) = postSolution
		{4226438A-0559-41CA-8661-C1D86A847E60}.Debug|Any CPU.ActiveCfg = Debug|Any CPU
		{4226438A-0559-41CA-8661-C1D86A847E60}.Debug|Any CPU.Build.0 = Debug|Any CPU
		{4226438A-0559-41CA-8661-C1D86A847E60}.Release|Any CPU.ActiveCfg = Release|Any CPU
		{4226438A-0559-41CA-8661-C1D86A847E60}.Release|Any CPU.Build.0 = Release|Any CPU
		{889E9257-2905-42C6-A803-5BDA4CAF1854}.Debug|Any CPU.ActiveCfg = Debug|Any CPU
		{889E9257-2905-42C6-A803-5BDA4CAF1854}.Debug|Any CPU.Build.0 = Debug|Any CPU
		{889E9257-2905-42C6-A803-5BDA4CAF1854}.Release|Any CPU.ActiveCfg = Release|Any CPU
		{889E9257-2905-42C6-A803-5BDA4CAF1854}.Release|Any CPU.Build.0 = Release|Any CPU
	EndGlobalSection
	GlobalSection(SolutionProperties) = preSolution
		HideSolutionNode = FALSE
	EndGlobalSection
	GlobalSection(ExtensibilityGlobals) = postSolution
		SolutionGuid = {64744043-13D2-445B-8DC7-90080CAE315E}
	EndGlobalSection
EndGlobal
